
Microsoft Visual Studio Solution File, Format Version 12.00
# Visual Studio Version 17
VisualStudioVersion = 17.14.36908.2 d17.14
MinimumVisualStudioVersion = 10.0.40219.1
Project("{FAE04EC0-301F-11D3-BF4B-00C04F79EFBC}") = "SwiftServe-API", "SwiftServe-API\SwiftServe-API.csproj", "{C54EB83E-59A8-46F7-AEBE-2D0A467BD807}"
EndProject
Global
	GlobalSection(SolutionConfigurationPlatforms) = preSolution
		Debug|Any CPU = Debug|Any CPU
		Release|Any CPU = Release|Any CPU
	EndGlobalSection
	GlobalSection(ProjectConfigurationPlatforms) = postSolution
		{C54EB83E-59A8-46F7-AEBE-2D0A467BD807}.Debug|Any CPU.ActiveCfg = Debug|Any CPU
		{C54EB83E-59A8-46F7-AEBE-2D0A467BD807}.Debug|Any CPU.Build.0 = Debug|Any CPU
		{C54EB83E-59A8-46F7-AEBE-2D0A467BD807}.Release|Any CPU.ActiveCfg = Release|Any CPU
		{C54EB83E-59A8-46F7-AEBE-2D0A467BD807}.Release|Any CPU.Build.0 = Release|Any CPU
	EndGlobalSection
	GlobalSection(SolutionProperties) = preSolution
		HideSolutionNode = FALSE
	EndGlobalSection
	GlobalSection(ExtensibilityGlobals) = postSolution
		SolutionGuid = {F6E24A08-3D9C-4FA6-9212-7BDC412C3C2E}
	EndGlobalSection
EndGlobal
